
Microsoft Visual Studio Solution File, Format Version 12.00
# Visual Studio 2012
Project("{FAE04EC0-301F-11D3-BF4B-00C04F79EFBC}") = "AsyncPCL.Core", "AsyncPCL.Core\AsyncPCL.Core.csproj", "{04C8561B-544F-4FC3-A934-12310FB8E707}"
EndProject
Project("{FAE04EC0-301F-11D3-BF4B-00C04F79EFBC}") = "AsyncPCL.Droid", "AsyncPCL.Droid\AsyncPCL.Droid.csproj", "{4356424D-5D4F-48E9-BD6C-78CF317578B6}"
EndProject
Project("{FAE04EC0-301F-11D3-BF4B-00C04F79EFBC}") = "AsyncPCL.Touch", "AsyncPCL.Touch\AsyncPCL.Touch.csproj", "{6980FE58-FE48-414D-BF44-1B1A69BE2281}"
EndProject
Project("{FAE04EC0-301F-11D3-BF4B-00C04F79EFBC}") = "AsyncPCL.WP7", "AsyncPCL.WP7\AsyncPCL.WP7.csproj", "{FCDADC2F-E9A3-4EAB-8389-EB17FEB40282}"
EndProject
Project("{FAE04EC0-301F-11D3-BF4B-00C04F79EFBC}") = "AsyncPCL.WP8", "AsyncPCL.WP8\AsyncPCL.WP8.csproj", "{92CBD474-2F9A-4C71-8393-D6FA8019581B}"
EndProject
Global
	GlobalSection(SolutionConfigurationPlatforms) = preSolution
		Ad-Hoc|Any CPU = Ad-Hoc|Any CPU
		Ad-Hoc|ARM = Ad-Hoc|ARM
		Ad-Hoc|iPhone = Ad-Hoc|iPhone
		Ad-Hoc|iPhoneSimulator = Ad-Hoc|iPhoneSimulator
		Ad-Hoc|Mixed Platforms = Ad-Hoc|Mixed Platforms
		Ad-Hoc|x86 = Ad-Hoc|x86
		AppStore|Any CPU = AppStore|Any CPU
		AppStore|ARM = AppStore|ARM
		AppStore|iPhone = AppStore|iPhone
		AppStore|iPhoneSimulator = AppStore|iPhoneSimulator
		AppStore|Mixed Platforms = AppStore|Mixed Platforms
		AppStore|x86 = AppStore|x86
		Debug|Any CPU = Debug|Any CPU
		Debug|ARM = Debug|ARM
		Debug|iPhone = Debug|iPhone
		Debug|iPhoneSimulator = Debug|iPhoneSimulator
		Debug|Mixed Platforms = Debug|Mixed Platforms
		Debug|x86 = Debug|x86
		Release|Any CPU = Release|Any CPU
		Release|ARM = Release|ARM
		Release|iPhone = Release|iPhone
		Release|iPhoneSimulator = Release|iPhoneSimulator
		Release|Mixed Platforms = Release|Mixed Platforms
		Release|x86 = Release|x86
	EndGlobalSection
	GlobalSection(ProjectConfigurationPlatforms) = postSolution
		{04C8561B-544F-4FC3-A934-12310FB8E707}.Ad-Hoc|Any CPU.ActiveCfg = Release|Any CPU
		{04C8561B-544F-4FC3-A934-12310FB8E707}.Ad-Hoc|Any CPU.Build.0 = Release|Any CPU
		{04C8561B-544F-4FC3-A934-12310FB8E707}.Ad-Hoc|ARM.ActiveCfg = Release|Any CPU
		{04C8561B-544F-4FC3-A934-12310FB8E707}.Ad-Hoc|iPhone.ActiveCfg = Release|Any CPU
		{04C8561B-544F-4FC3-A934-12310FB8E707}.Ad-Hoc|iPhoneSimulator.ActiveCfg = Release|Any CPU
		{04C8561B-544F-4FC3-A934-12310FB8E707}.Ad-Hoc|Mixed Platforms.ActiveCfg = Release|Any CPU
		{04C8561B-544F-4FC3-A934-12310FB8E707}.Ad-Hoc|Mixed Platforms.Build.0 = Release|Any CPU
		{04C8561B-544F-4FC3-A934-12310FB8E707}.Ad-Hoc|x86.ActiveCfg = Release|Any CPU
		{04C8561B-544F-4FC3-A934-12310FB8E707}.AppStore|Any CPU.ActiveCfg = Release|Any CPU
		{04C8561B-544F-4FC3-A934-12310FB8E707}.AppStore|Any CPU.Build.0 = Release|Any CPU
		{04C8561B-544F-4FC3-A934-12310FB8E707}.AppStore|ARM.ActiveCfg = Release|Any CPU
		{04C8561B-544F-4FC3-A934-12310FB8E707}.AppStore|iPhone.ActiveCfg = Release|Any CPU
		{04C8561B-544F-4FC3-A934-12310FB8E707}.AppStore|iPhoneSimulator.ActiveCfg = Release|Any CPU
		{04C8561B-544F-4FC3-A934-12310FB8E707}.AppStore|Mixed Platforms.ActiveCfg = Release|Any CPU
		{04C8561B-544F-4FC3-A934-12310FB8E707}.AppStore|Mixed Platforms.Build.0 = Release|Any CPU
		{04C8561B-544F-4FC3-A934-12310FB8E707}.AppStore|x86.ActiveCfg = Release|Any CPU
		{04C8561B-544F-4FC3-A934-12310FB8E707}.Debug|Any CPU.ActiveCfg = Debug|Any CPU
		{04C8561B-544F-4FC3-A934-12310FB8E707}.Debug|Any CPU.Build.0 = Debug|Any CPU
		{04C8561B-544F-4FC3-A934-12310FB8E707}.Debug|ARM.ActiveCfg = Debug|Any CPU
		{04C8561B-544F-4FC3-A934-12310FB8E707}.Debug|iPhone.ActiveCfg = Debug|Any CPU
		{04C8561B-544F-4FC3-A934-12310FB8E707}.Debug|iPhoneSimulator.ActiveCfg = Debug|Any CPU
		{04C8561B-544F-4FC3-A934-12310FB8E707}.Debug|Mixed Platforms.ActiveCfg = Debug|Any CPU
		{04C8561B-544F-4FC3-A934-12310FB8E707}.Debug|Mixed Platforms.Build.0 = Debug|Any CPU
		{04C8561B-544F-4FC3-A934-12310FB8E707}.Debug|x86.ActiveCfg = Debug|Any CPU
		{04C8561B-544F-4FC3-A934-12310FB8E707}.Release|Any CPU.ActiveCfg = Release|Any CPU
		{04C8561B-544F-4FC3-A934-12310FB8E707}.Release|Any CPU.Build.0 = Release|Any CPU
		{04C8561B-544F-4FC3-A934-12310FB8E707}.Release|ARM.ActiveCfg = Release|Any CPU
		{04C8561B-544F-4FC3-A934-12310FB8E707}.Release|iPhone.ActiveCfg = Release|Any CPU
		{04C8561B-544F-4FC3-A934-12310FB8E707}.Release|iPhoneSimulator.ActiveCfg = Release|Any CPU
		{04C8561B-544F-4FC3-A934-12310FB8E707}.Release|Mixed Platforms.ActiveCfg = Release|Any CPU
		{04C8561B-544F-4FC3-A934-12310FB8E707}.Release|Mixed Platforms.Build.0 = Release|Any CPU
		{04C8561B-544F-4FC3-A934-12310FB8E707}.Release|x86.ActiveCfg = Release|Any CPU
		{4356424D-5D4F-48E9-BD6C-78CF317578B6}.Ad-Hoc|Any CPU.ActiveCfg = Release|Any CPU
		{4356424D-5D4F-48E9-BD6C-78CF317578B6}.Ad-Hoc|Any CPU.Build.0 = Release|Any CPU
		{4356424D-5D4F-48E9-BD6C-78CF317578B6}.Ad-Hoc|Any CPU.Deploy.0 = Release|Any CPU
		{4356424D-5D4F-48E9-BD6C-78CF317578B6}.Ad-Hoc|ARM.ActiveCfg = Release|Any CPU
		{4356424D-5D4F-48E9-BD6C-78CF317578B6}.Ad-Hoc|iPhone.ActiveCfg = Release|Any CPU
		{4356424D-5D4F-48E9-BD6C-78CF317578B6}.Ad-Hoc|iPhoneSimulator.ActiveCfg = Release|Any CPU
		{4356424D-5D4F-48E9-BD6C-78CF317578B6}.Ad-Hoc|Mixed Platforms.ActiveCfg = Release|Any CPU
		{4356424D-5D4F-48E9-BD6C-78CF317578B6}.Ad-Hoc|Mixed Platforms.Build.0 = Release|Any CPU
		{4356424D-5D4F-48E9-BD6C-78CF317578B6}.Ad-Hoc|Mixed Platforms.Deploy.0 = Release|Any CPU
		{4356424D-5D4F-48E9-BD6C-78CF317578B6}.Ad-Hoc|x86.ActiveCfg = Release|Any CPU
		{4356424D-5D4F-48E9-BD6C-78CF317578B6}.AppStore|Any CPU.ActiveCfg = Release|Any CPU
		{4356424D-5D4F-48E9-BD6C-78CF317578B6}.AppStore|Any CPU.Build.0 = Release|Any CPU
		{4356424D-5D4F-48E9-BD6C-78CF317578B6}.AppStore|Any CPU.Deploy.0 = Release|Any CPU
		{4356424D-5D4F-48E9-BD6C-78CF317578B6}.AppStore|ARM.ActiveCfg = Release|Any CPU
		{4356424D-5D4F-48E9-BD6C-78CF317578B6}.AppStore|iPhone.ActiveCfg = Release|Any CPU
		{4356424D-5D4F-48E9-BD6C-78CF317578B6}.AppStore|iPhoneSimulator.ActiveCfg = Release|Any CPU
		{4356424D-5D4F-48E9-BD6C-78CF317578B6}.AppStore|Mixed Platforms.ActiveCfg = Release|Any CPU
		{4356424D-5D4F-48E9-BD6C-78CF317578B6}.AppStore|Mixed Platforms.Build.0 = Release|Any CPU
		{4356424D-5D4F-48E9-BD6C-78CF317578B6}.AppStore|Mixed Platforms.Deploy.0 = Release|Any CPU
		{4356424D-5D4F-48E9-BD6C-78CF317578B6}.AppStore|x86.ActiveCfg = Release|Any CPU
		{4356424D-5D4F-48E9-BD6C-78CF317578B6}.Debug|Any CPU.ActiveCfg = Debug|Any CPU
		{4356424D-5D4F-48E9-BD6C-78CF317578B6}.Debug|Any CPU.Build.0 = Debug|Any CPU
		{4356424D-5D4F-48E9-BD6C-78CF317578B6}.Debug|Any CPU.Deploy.0 = Debug|Any CPU
		{4356424D-5D4F-48E9-BD6C-78CF317578B6}.Debug|ARM.ActiveCfg = Debug|Any CPU
		{4356424D-5D4F-48E9-BD6C-78CF317578B6}.Debug|iPhone.ActiveCfg = Debug|Any CPU
		{4356424D-5D4F-48E9-BD6C-78CF317578B6}.Debug|iPhoneSimulator.ActiveCfg = Debug|Any CPU
		{4356424D-5D4F-48E9-BD6C-78CF317578B6}.Debug|Mixed Platforms.ActiveCfg = Debug|Any CPU
		{4356424D-5D4F-48E9-BD6C-78CF317578B6}.Debug|Mixed Platforms.Build.0 = Debug|Any CPU
		{4356424D-5D4F-48E9-BD6C-78CF317578B6}.Debug|Mixed Platforms.Deploy.0 = Debug|Any CPU
		{4356424D-5D4F-48E9-BD6C-78CF317578B6}.Debug|x86.ActiveCfg = Debug|Any CPU
		{4356424D-5D4F-48E9-BD6C-78CF317578B6}.Release|Any CPU.ActiveCfg = Release|Any CPU
		{4356424D-5D4F-48E9-BD6C-78CF317578B6}.Release|Any CPU.Build.0 = Release|Any CPU
		{4356424D-5D4F-48E9-BD6C-78CF317578B6}.Release|Any CPU.Deploy.0 = Release|Any CPU
		{4356424D-5D4F-48E9-BD6C-78CF317578B6}.Release|ARM.ActiveCfg = Release|Any CPU
		{4356424D-5D4F-48E9-BD6C-78CF317578B6}.Release|iPhone.ActiveCfg = Release|Any CPU
		{4356424D-5D4F-48E9-BD6C-78CF317578B6}.Release|iPhoneSimulator.ActiveCfg = Release|Any CPU
		{4356424D-5D4F-48E9-BD6C-78CF317578B6}.Release|Mixed Platforms.ActiveCfg = Release|Any CPU
		{4356424D-5D4F-48E9-BD6C-78CF317578B6}.Release|Mixed Platforms.Build.0 = Release|Any CPU
		{4356424D-5D4F-48E9-BD6C-78CF317578B6}.Release|Mixed Platforms.Deploy.0 = Release|Any CPU
		{4356424D-5D4F-48E9-BD6C-78CF317578B6}.Release|x86.ActiveCfg = Release|Any CPU
		{6980FE58-FE48-414D-BF44-1B1A69BE2281}.Ad-Hoc|Any CPU.ActiveCfg = Ad-Hoc|iPhone
		{6980FE58-FE48-414D-BF44-1B1A69BE2281}.Ad-Hoc|ARM.ActiveCfg = Ad-Hoc|iPhone
		{6980FE58-FE48-414D-BF44-1B1A69BE2281}.Ad-Hoc|iPhone.ActiveCfg = Ad-Hoc|iPhone
		{6980FE58-FE48-414D-BF44-1B1A69BE2281}.Ad-Hoc|iPhone.Build.0 = Ad-Hoc|iPhone
		{6980FE58-FE48-414D-BF44-1B1A69BE2281}.Ad-Hoc|iPhoneSimulator.ActiveCfg = Ad-Hoc|iPhoneSimulator
		{6980FE58-FE48-414D-BF44-1B1A69BE2281}.Ad-Hoc|iPhoneSimulator.Build.0 = Ad-Hoc|iPhoneSimulator
		{6980FE58-FE48-414D-BF44-1B1A69BE2281}.Ad-Hoc|Mixed Platforms.ActiveCfg = Ad-Hoc|iPhone
		{6980FE58-FE48-414D-BF44-1B1A69BE2281}.Ad-Hoc|Mixed Platforms.Build.0 = Ad-Hoc|iPhone
		{6980FE58-FE48-414D-BF44-1B1A69BE2281}.Ad-Hoc|x86.ActiveCfg = Ad-Hoc|iPhone
		{6980FE58-FE48-414D-BF44-1B1A69BE2281}.AppStore|Any CPU.ActiveCfg = AppStore|iPhone
		{6980FE58-FE48-414D-BF44-1B1A69BE2281}.AppStore|ARM.ActiveCfg = AppStore|iPhone
		{6980FE58-FE48-414D-BF44-1B1A69BE2281}.AppStore|iPhone.ActiveCfg = AppStore|iPhone
		{6980FE58-FE48-414D-BF44-1B1A69BE2281}.AppStore|iPhone.Build.0 = AppStore|iPhone
		{6980FE58-FE48-414D-BF44-1B1A69BE2281}.AppStore|iPhoneSimulator.ActiveCfg = AppStore|iPhoneSimulator
		{6980FE58-FE48-414D-BF44-1B1A69BE2281}.AppStore|iPhoneSimulator.Build.0 = AppStore|iPhoneSimulator
		{6980FE58-FE48-414D-BF44-1B1A69BE2281}.AppStore|Mixed Platforms.ActiveCfg = AppStore|iPhone
		{6980FE58-FE48-414D-BF44-1B1A69BE2281}.AppStore|Mixed Platforms.Build.0 = AppStore|iPhone
		{6980FE58-FE48-414D-BF44-1B1A69BE2281}.AppStore|x86.ActiveCfg = AppStore|iPhone
		{6980FE58-FE48-414D-BF44-1B1A69BE2281}.Debug|Any CPU.ActiveCfg = Debug|iPhone
		{6980FE58-FE48-414D-BF44-1B1A69BE2281}.Debug|ARM.ActiveCfg = Debug|iPhone
		{6980FE58-FE48-414D-BF44-1B1A69BE2281}.Debug|iPhone.ActiveCfg = Debug|iPhone
		{6980FE58-FE48-414D-BF44-1B1A69BE2281}.Debug|iPhone.Build.0 = Debug|iPhone
		{6980FE58-FE48-414D-BF44-1B1A69BE2281}.Debug|iPhoneSimulator.ActiveCfg = Debug|iPhoneSimulator
		{6980FE58-FE48-414D-BF44-1B1A69BE2281}.Debug|iPhoneSimulator.Build.0 = Debug|iPhoneSimulator
		{6980FE58-FE48-414D-BF44-1B1A69BE2281}.Debug|Mixed Platforms.ActiveCfg = Debug|iPhone
		{6980FE58-FE48-414D-BF44-1B1A69BE2281}.Debug|Mixed Platforms.Build.0 = Debug|iPhone
		{6980FE58-FE48-414D-BF44-1B1A69BE2281}.Debug|x86.ActiveCfg = Debug|iPhone
		{6980FE58-FE48-414D-BF44-1B1A69BE2281}.Release|Any CPU.ActiveCfg = Release|iPhone
		{6980FE58-FE48-414D-BF44-1B1A69BE2281}.Release|ARM.ActiveCfg = Release|iPhone
		{6980FE58-FE48-414D-BF44-1B1A69BE2281}.Release|iPhone.ActiveCfg = Release|iPhone
		{6980FE58-FE48-414D-BF44-1B1A69BE2281}.Release|iPhone.Build.0 = Release|iPhone
		{6980FE58-FE48-414D-BF44-1B1A69BE2281}.Release|iPhoneSimulator.ActiveCfg = Release|iPhoneSimulator
		{6980FE58-FE48-414D-BF44-1B1A69BE2281}.Release|iPhoneSimulator.Build.0 = Release|iPhoneSimulator
		{6980FE58-FE48-414D-BF44-1B1A69BE2281}.Release|Mixed Platforms.ActiveCfg = Release|iPhone
		{6980FE58-FE48-414D-BF44-1B1A69BE2281}.Release|Mixed Platforms.Build.0 = Release|iPhone
		{6980FE58-FE48-414D-BF44-1B1A69BE2281}.Release|x86.ActiveCfg = Release|iPhone
		{FCDADC2F-E9A3-4EAB-8389-EB17FEB40282}.Ad-Hoc|Any CPU.ActiveCfg = Release|Any CPU
		{FCDADC2F-E9A3-4EAB-8389-EB17FEB40282}.Ad-Hoc|Any CPU.Build.0 = Release|Any CPU
		{FCDADC2F-E9A3-4EAB-8389-EB17FEB40282}.Ad-Hoc|Any CPU.Deploy.0 = Release|Any CPU
		{FCDADC2F-E9A3-4EAB-8389-EB17FEB40282}.Ad-Hoc|ARM.ActiveCfg = Release|Any CPU
		{FCDADC2F-E9A3-4EAB-8389-EB17FEB40282}.Ad-Hoc|iPhone.ActiveCfg = Release|Any CPU
		{FCDADC2F-E9A3-4EAB-8389-EB17FEB40282}.Ad-Hoc|iPhoneSimulator.ActiveCfg = Release|Any CPU
		{FCDADC2F-E9A3-4EAB-8389-EB17FEB40282}.Ad-Hoc|Mixed Platforms.ActiveCfg = Release|Any CPU
		{FCDADC2F-E9A3-4EAB-8389-EB17FEB40282}.Ad-Hoc|Mixed Platforms.Build.0 = Release|Any CPU
		{FCDADC2F-E9A3-4EAB-8389-EB17FEB40282}.Ad-Hoc|Mixed Platforms.Deploy.0 = Release|Any CPU
		{FCDADC2F-E9A3-4EAB-8389-EB17FEB40282}.Ad-Hoc|x86.ActiveCfg = Release|Any CPU
		{FCDADC2F-E9A3-4EAB-8389-EB17FEB40282}.AppStore|Any CPU.ActiveCfg = Release|Any CPU
		{FCDADC2F-E9A3-4EAB-8389-EB17FEB40282}.AppStore|Any CPU.Build.0 = Release|Any CPU
		{FCDADC2F-E9A3-4EAB-8389-EB17FEB40282}.AppStore|Any CPU.Deploy.0 = Release|Any CPU
		{FCDADC2F-E9A3-4EAB-8389-EB17FEB40282}.AppStore|ARM.ActiveCfg = Release|Any CPU
		{FCDADC2F-E9A3-4EAB-8389-EB17FEB40282}.AppStore|iPhone.ActiveCfg = Release|Any CPU
		{FCDADC2F-E9A3-4EAB-8389-EB17FEB40282}.AppStore|iPhoneSimulator.ActiveCfg = Release|Any CPU
		{FCDADC2F-E9A3-4EAB-8389-EB17FEB40282}.AppStore|Mixed Platforms.ActiveCfg = Release|Any CPU
		{FCDADC2F-E9A3-4EAB-8389-EB17FEB40282}.AppStore|Mixed Platforms.Build.0 = Release|Any CPU
		{FCDADC2F-E9A3-4EAB-8389-EB17FEB40282}.AppStore|Mixed Platforms.Deploy.0 = Release|Any CPU
		{FCDADC2F-E9A3-4EAB-8389-EB17FEB40282}.AppStore|x86.ActiveCfg = Release|Any CPU
		{FCDADC2F-E9A3-4EAB-8389-EB17FEB40282}.Debug|Any CPU.ActiveCfg = Debug|Any CPU
		{FCDADC2F-E9A3-4EAB-8389-EB17FEB40282}.Debug|Any CPU.Build.0 = Debug|Any CPU
		{FCDADC2F-E9A3-4EAB-8389-EB17FEB40282}.Debug|Any CPU.Deploy.0 = Debug|Any CPU
		{FCDADC2F-E9A3-4EAB-8389-EB17FEB40282}.Debug|ARM.ActiveCfg = Debug|Any CPU
		{FCDADC2F-E9A3-4EAB-8389-EB17FEB40282}.Debug|iPhone.ActiveCfg = Debug|Any CPU
		{FCDADC2F-E9A3-4EAB-8389-EB17FEB40282}.Debug|iPhoneSimulator.ActiveCfg = Debug|Any CPU
		{FCDADC2F-E9A3-4EAB-8389-EB17FEB40282}.Debug|Mixed Platforms.ActiveCfg = Debug|Any CPU
		{FCDADC2F-E9A3-4EAB-8389-EB17FEB40282}.Debug|Mixed Platforms.Build.0 = Debug|Any CPU
		{FCDADC2F-E9A3-4EAB-8389-EB17FEB40282}.Debug|Mixed Platforms.Deploy.0 = Debug|Any CPU
		{FCDADC2F-E9A3-4EAB-8389-EB17FEB40282}.Debug|x86.ActiveCfg = Debug|Any CPU
		{FCDADC2F-E9A3-4EAB-8389-EB17FEB40282}.Release|Any CPU.ActiveCfg = Release|Any CPU
		{FCDADC2F-E9A3-4EAB-8389-EB17FEB40282}.Release|Any CPU.Build.0 = Release|Any CPU
		{FCDADC2F-E9A3-4EAB-8389-EB17FEB40282}.Release|Any CPU.Deploy.0 = Release|Any CPU
		{FCDADC2F-E9A3-4EAB-8389-EB17FEB40282}.Release|ARM.ActiveCfg = Release|Any CPU
		{FCDADC2F-E9A3-4EAB-8389-EB17FEB40282}.Release|iPhone.ActiveCfg = Release|Any CPU
		{FCDADC2F-E9A3-4EAB-8389-EB17FEB40282}.Release|iPhoneSimulator.ActiveCfg = Release|Any CPU
		{FCDADC2F-E9A3-4EAB-8389-EB17FEB40282}.Release|Mixed Platforms.ActiveCfg = Release|Any CPU
		{FCDADC2F-E9A3-4EAB-8389-EB17FEB40282}.Release|Mixed Platforms.Build.0 = Release|Any CPU
		{FCDADC2F-E9A3-4EAB-8389-EB17FEB40282}.Release|Mixed Platforms.Deploy.0 = Release|Any CPU
		{FCDADC2F-E9A3-4EAB-8389-EB17FEB40282}.Release|x86.ActiveCfg = Release|Any CPU
		{92CBD474-2F9A-4C71-8393-D6FA8019581B}.Ad-Hoc|Any CPU.ActiveCfg = Release|Any CPU
		{92CBD474-2F9A-4C71-8393-D6FA8019581B}.Ad-Hoc|Any CPU.Build.0 = Release|Any CPU
		{92CBD474-2F9A-4C71-8393-D6FA8019581B}.Ad-Hoc|Any CPU.Deploy.0 = Release|Any CPU
		{92CBD474-2F9A-4C71-8393-D6FA8019581B}.Ad-Hoc|ARM.ActiveCfg = Release|ARM
		{92CBD474-2F9A-4C71-8393-D6FA8019581B}.Ad-Hoc|ARM.Build.0 = Release|ARM
		{92CBD474-2F9A-4C71-8393-D6FA8019581B}.Ad-Hoc|ARM.Deploy.0 = Release|ARM
		{92CBD474-2F9A-4C71-8393-D6FA8019581B}.Ad-Hoc|iPhone.ActiveCfg = Release|Any CPU
		{92CBD474-2F9A-4C71-8393-D6FA8019581B}.Ad-Hoc|iPhoneSimulator.ActiveCfg = Release|Any CPU
		{92CBD474-2F9A-4C71-8393-D6FA8019581B}.Ad-Hoc|Mixed Platforms.ActiveCfg = Release|x86
		{92CBD474-2F9A-4C71-8393-D6FA8019581B}.Ad-Hoc|Mixed Platforms.Build.0 = Release|x86
		{92CBD474-2F9A-4C71-8393-D6FA8019581B}.Ad-Hoc|Mixed Platforms.Deploy.0 = Release|x86
		{92CBD474-2F9A-4C71-8393-D6FA8019581B}.Ad-Hoc|x86.ActiveCfg = Release|x86
		{92CBD474-2F9A-4C71-8393-D6FA8019581B}.Ad-Hoc|x86.Build.0 = Release|x86
		{92CBD474-2F9A-4C71-8393-D6FA8019581B}.Ad-Hoc|x86.Deploy.0 = Release|x86
		{92CBD474-2F9A-4C71-8393-D6FA8019581B}.AppStore|Any CPU.ActiveCfg = Release|Any CPU
		{92CBD474-2F9A-4C71-8393-D6FA8019581B}.AppStore|Any CPU.Build.0 = Release|Any CPU
		{92CBD474-2F9A-4C71-8393-D6FA8019581B}.AppStore|Any CPU.Deploy.0 = Release|Any CPU
		{92CBD474-2F9A-4C71-8393-D6FA8019581B}.AppStore|ARM.ActiveCfg = Release|ARM
		{92CBD474-2F9A-4C71-8393-D6FA8019581B}.AppStore|ARM.Build.0 = Release|ARM
		{92CBD474-2F9A-4C71-8393-D6FA8019581B}.AppStore|ARM.Deploy.0 = Release|ARM
		{92CBD474-2F9A-4C71-8393-D6FA8019581B}.AppStore|iPhone.ActiveCfg = Release|Any CPU
		{92CBD474-2F9A-4C71-8393-D6FA8019581B}.AppStore|iPhoneSimulator.ActiveCfg = Release|Any CPU
		{92CBD474-2F9A-4C71-8393-D6FA8019581B}.AppStore|Mixed Platforms.ActiveCfg = Release|x86
		{92CBD474-2F9A-4C71-8393-D6FA8019581B}.AppStore|Mixed Platforms.Build.0 = Release|x86
		{92CBD474-2F9A-4C71-8393-D6FA8019581B}.AppStore|Mixed Platforms.Deploy.0 = Release|x86
		{92CBD474-2F9A-4C71-8393-D6FA8019581B}.AppStore|x86.ActiveCfg = Release|x86
		{92CBD474-2F9A-4C71-8393-D6FA8019581B}.AppStore|x86.Build.0 = Release|x86
		{92CBD474-2F9A-4C71-8393-D6FA8019581B}.AppStore|x86.Deploy.0 = Release|x86
		{92CBD474-2F9A-4C71-8393-D6FA8019581B}.Debug|Any CPU.ActiveCfg = Debug|Any CPU
		{92CBD474-2F9A-4C71-8393-D6FA8019581B}.Debug|Any CPU.Build.0 = Debug|Any CPU
		{92CBD474-2F9A-4C71-8393-D6FA8019581B}.Debug|Any CPU.Deploy.0 = Debug|Any CPU
		{92CBD474-2F9A-4C71-8393-D6FA8019581B}.Debug|ARM.ActiveCfg = Debug|ARM
		{92CBD474-2F9A-4C71-8393-D6FA8019581B}.Debug|ARM.Build.0 = Debug|ARM
		{92CBD474-2F9A-4C71-8393-D6FA8019581B}.Debug|ARM.Deploy.0 = Debug|ARM
		{92CBD474-2F9A-4C71-8393-D6FA8019581B}.Debug|iPhone.ActiveCfg = Debug|Any CPU
		{92CBD474-2F9A-4C71-8393-D6FA8019581B}.Debug|iPhoneSimulator.ActiveCfg = Debug|Any CPU
		{92CBD474-2F9A-4C71-8393-D6FA8019581B}.Debug|Mixed Platforms.ActiveCfg = Debug|x86
		{92CBD474-2F9A-4C71-8393-D6FA8019581B}.Debug|Mixed Platforms.Build.0 = Debug|x86
		{92CBD474-2F9A-4C71-8393-D6FA8019581B}.Debug|Mixed Platforms.Deploy.0 = Debug|x86
		{92CBD474-2F9A-4C71-8393-D6FA8019581B}.Debug|x86.ActiveCfg = Debug|x86
		{92CBD474-2F9A-4C71-8393-D6FA8019581B}.Debug|x86.Build.0 = Debug|x86
		{92CBD474-2F9A-4C71-8393-D6FA8019581B}.Debug|x86.Deploy.0 = Debug|x86
		{92CBD474-2F9A-4C71-8393-D6FA8019581B}.Release|Any CPU.ActiveCfg = Release|Any CPU
		{92CBD474-2F9A-4C71-8393-D6FA8019581B}.Release|Any CPU.Build.0 = Release|Any CPU
		{92CBD474-2F9A-4C71-8393-D6FA8019581B}.Release|Any CPU.Deploy.0 = Release|Any CPU
		{92CBD474-2F9A-4C71-8393-D6FA8019581B}.Release|ARM.ActiveCfg = Release|ARM
		{92CBD474-2F9A-4C71-8393-D6FA8019581B}.Release|ARM.Build.0 = Release|ARM
		{92CBD474-2F9A-4C71-8393-D6FA8019581B}.Release|ARM.Deploy.0 = Release|ARM
		{92CBD474-2F9A-4C71-8393-D6FA8019581B}.Release|iPhone.ActiveCfg = Release|Any CPU
		{92CBD474-2F9A-4C71-8393-D6FA8019581B}.Release|iPhoneSimulator.ActiveCfg = Release|Any CPU
		{92CBD474-2F9A-4C71-8393-D6FA8019581B}.Release|Mixed Platforms.ActiveCfg = Release|x86
		{92CBD474-2F9A-4C71-8393-D6FA8019581B}.Release|Mixed Platforms.Build.0 = Release|x86
		{92CBD474-2F9A-4C71-8393-D6FA8019581B}.Release|Mixed Platforms.Deploy.0 = Release|x86
		{92CBD474-2F9A-4C71-8393-D6FA8019581B}.Release|x86.ActiveCfg = Release|x86
		{92CBD474-2F9A-4C71-8393-D6FA8019581B}.Release|x86.Build.0 = Release|x86
		{92CBD474-2F9A-4C71-8393-D6FA8019581B}.Release|x86.Deploy.0 = Release|x86
	EndGlobalSection
	GlobalSection(SolutionProperties) = preSolution
		HideSolutionNode = FALSE
	EndGlobalSection
EndGlobal
